[ "datastructures": {:git, "git://github.com/meh/elixir-datastructures.git", "8b497974ad511965dac5fe9e7b9b8762e1632a22", []},
  "finalizer": {:git, "git://github.com/meh/elixir-finalizer.git", "9c38d9145824a46c66f1a010e137a953a6c78e04", []},
  "httpotion": {:git, "git://github.com/myfreeweb/httpotion.git", "ee3cd8ad5630b20b236c0076c59e04fef973adbb", []},
  "httprot": {:git, "git://github.com/meh/httprot.git", "696d99ad3d479f77ebbb96f169e2e49708e2f652", []},
  "ibrowse": {:git, "git://github.com/cmullaparthi/ibrowse.git", "2e13b63788f48934ab9b075b9d741bfa814d0d6d", []},
  "managed_process": {:git, "git://github.com/meh/elixir-managed_process.git", "5b76aeb7adc87f108d8fc59b3e783a98a3d4310a", []},
  "resource": {:git, "git://github.com/tonyrog/resource.git", "b9e1adcadcc8cb59130e0bbecbbe6777bb8d7c78", []},
  "socket": {:git, "git://github.com/meh/elixir-socket.git", "d42264e87519b2d9fed9e6f1517b0e6c43ac1e9f", []} ]
